# This file is automatically @generated by Cargo.
# It is not intended for manual editing.
version = 3

[[package]]
name = "aho-corasick"
version = "1.1.3"
source = "registry+https://github.com/rust-lang/crates.io-index"
checksum = "8e60d3430d3a69478ad0993f19238d2df97c507009a52b3c10addcd7f6bcb916"
dependencies = [
 "memchr",
]

[[package]]
name = "autocfg"
version = "1.2.0"
source = "registry+https://github.com/rust-lang/crates.io-index"
checksum = "f1fdabc7756949593fe60f30ec81974b613357de856987752631dea1e3394c80"

[[package]]
name = "either"
version = "1.11.0"
source = "registry+https://github.com/rust-lang/crates.io-index"
checksum = "a47c1c47d2f5964e29c61246e81db715514cd532db6b5116a25ea3c03d6780a2"

[[package]]
name = "euler"
version = "0.1.0"
dependencies = [
 "itertools",
 "num-bigint",
 "num-rational",
 "regex",
]

[[package]]
name = "itertools"
version = "0.12.1"
source = "registry+https://github.com/rust-lang/crates.io-index"
checksum = "ba291022dbbd398a455acf126c1e341954079855bc60dfdda641363bd6922569"
dependencies = [
 "either",
]

[[package]]
name = "memchr"
version = "2.7.2"
source = "registry+https://github.com/rust-lang/crates.io-index"
checksum = "6c8640c5d730cb13ebd907d8d04b52f55ac9a2eec55b440c8892f40d56c76c1d"

[[package]]
name = "num-bigint"
version = "0.4.4"
source = "registry+https://github.com/rust-lang/crates.io-index"
checksum = "608e7659b5c3d7cba262d894801b9ec9d00de989e8a82bd4bef91d08da45cdc0"
dependencies = [
 "autocfg",
 "num-integer",
 "num-traits",
]

[[package]]
name = "num-integer"
version = "0.1.46"
source = "registry+https://github.com/rust-lang/crates.io-index"
checksum = "7969661fd2958a5cb096e56c8e1ad0444ac2bbcd0061bd28660485a44879858f"
dependencies = [
 "num-traits",
]

[[package]]
name = "num-rational"
version = "0.4.1"
source = "registry+https://github.com/rust-lang/crates.io-index"
checksum = "0638a1c9d0a3c0914158145bc76cff373a75a627e6ecbfb71cbe6f453a5a19b0"
dependencies = [
 "autocfg",
 "num-bigint",
 "num-integer",
 "num-traits",
]

[[package]]
name = "num-traits"
version = "0.2.18"
source = "registry+https://github.com/rust-lang/crates.io-index"
checksum = "da0df0e5185db44f69b44f26786fe401b6c293d1907744beaa7fa62b2e5a517a"
dependencies = [
 "autocfg",
]

[[package]]
name = "regex"
version = "1.10.4"
source = "registry+https://github.com/rust-lang/crates.io-index"
checksum = "c117dbdfde9c8308975b6a18d71f3f385c89461f7b3fb054288ecf2a2058ba4c"
dependencies = [
 "aho-corasick",
 "memchr",
 "regex-automata",
 "regex-syntax",
]

[[package]]
name = "regex-automata"
version = "0.4.6"
source = "registry+https://github.com/rust-lang/crates.io-index"
checksum = "86b83b8b9847f9bf95ef68afb0b8e6cdb80f498442f5179a29fad448fcc1eaea"
dependencies = [
 "aho-corasick",
 "memchr",
 "regex-syntax",
]

[[package]]
name = "regex-syntax"
version = "0.8.3"
source = "registry+https://github.com/rust-lang/crates.io-index"
checksum = "adad44e29e4c806119491a7f06f03de4d1af22c3a680dd47f1e6e179439d1f56"
