# This file is automatically @generated by Cargo.
# It is not intended for manual editing.
version = 4

[[package]]
name = "autocfg"
version = "1.5.1"
source = "registry+https://github.com/rust-lang/crates.io-index"
checksum = "f2032f911046de80f0a198e0901378627c33f59ea0ac00e363d481118bd70a53"

[[package]]
name = "either"
version = "1.16.0"
source = "registry+https://github.com/rust-lang/crates.io-index"
checksum = "91622ff5e7162018101f2fea40d6ebf4a78bbe5a49736a2020649edf9693679e"

[[package]]
name = "euler"
version = "0.1.0"
dependencies = [
 "itertools",
 "num-bigint",
 "num-rational",
]

[[package]]
name = "itertools"
version = "0.15.0"
source = "registry+https://github.com/rust-lang/crates.io-index"
checksum = "8b4baf93f58d4425749ca49a51c50ebab072c5df6994d08fed93541c331481dc"
dependencies = [
 "either",
]

[[package]]
name = "num-bigint"
version = "0.4.8"
source = "registry+https://github.com/rust-lang/crates.io-index"
checksum = "c89e69e7e0f03bea5ef08013795c25018e101932225a656383bd384495ecc367"
dependencies = [
 "num-integer",
 "num-traits",
]

[[package]]
name = "num-integer"
version = "0.1.46"
source = "registry+https://github.com/rust-lang/crates.io-index"
checksum = "7969661fd2958a5cb096e56c8e1ad0444ac2bbcd0061bd28660485a44879858f"
dependencies = [
 "num-traits",
]

[[package]]
name = "num-rational"
version = "0.4.2"
source = "registry+https://github.com/rust-lang/crates.io-index"
checksum = "f83d14da390562dca69fc84082e73e548e1ad308d24accdedd2720017cb37824"
dependencies = [
 "num-bigint",
 "num-integer",
 "num-traits",
]

[[package]]
name = "num-traits"
version = "0.2.19"
source = "registry+https://github.com/rust-lang/crates.io-index"
checksum = "071dfc062690e90b734c0b2273ce72ad0ffa95f0c74596bc250dcfd960262841"
dependencies = [
 "autocfg",
]
